
Microsoft Visual Studio Solution File, Format Version 12.00
# Visual Studio Version 16
VisualStudioVersion = 16.0.30204.135
MinimumVisualStudioVersion = 10.0.40219.1
Project("{FAE04EC0-301F-11D3-BF4B-00C04F79EFBC}") = "TuPromedio", "TuPromedio\TuPromedio.csproj", "{32A99F4C-5664-4550-84FA-F36F5C157852}"
EndProject
Global
	GlobalSection(SolutionConfigurationPlatforms) = preSolution
		Debug|Any CPU = Debug|Any CPU
		Release|Any CPU = Release|Any CPU
	EndGlobalSection
	GlobalSection(ProjectConfigurationPlatforms) = postSolution
		{32A99F4C-5664-4550-84FA-F36F5C157852}.Debug|Any CPU.ActiveCfg = Debug|Any CPU
		{32A99F4C-5664-4550-84FA-F36F5C157852}.Debug|Any CPU.Build.0 = Debug|Any CPU
		{32A99F4C-5664-4550-84FA-F36F5C157852}.Release|Any CPU.ActiveCfg = Debug|Any CPU
		{32A99F4C-5664-4550-84FA-F36F5C157852}.Release|Any CPU.Build.0 = Debug|Any CPU
	EndGlobalSection
	GlobalSection(SolutionProperties) = preSolution
		HideSolutionNode = FALSE
	EndGlobalSection
	GlobalSection(ExtensibilityGlobals) = postSolution
		SolutionGuid = {68873737-5057-4255-BF53-25C5856BBC7E}
	EndGlobalSection
EndGlobal
